{
  "name": "docs",
  "version": "1.0.0",
  "lockfileVersion": 1,
  "requires": true,
  "dependencies": {
    "@babel/parser": {
      "version": "7.21.4",
      "resolved": "https://registry.npmmirror.com/@babel/parser/-/parser-7.21.4.tgz",
      "integrity": "sha512-alVJj7k7zIxqBZ7BTRhz0IqJFxW1VJbm6N8JbcYhQ186df9ZBPbZBmWSqAMXwHGsCJdYks7z/voa3ibiS5bCIw=="
    },
    "@babel/standalone": {
      "version": "7.21.4",
      "resolved": "https://registry.npmmirror.com/@babel/standalone/-/standalone-7.21.4.tgz",
      "integrity": "sha512-Rw4nGqH/iyVeYxARKcz7iGP+njkPsVqJ45TmXMONoGoxooWjXCAs+CUcLeAZdBGCLqgaPvHKCYvIaDT2Iq+KfA=="
    },
    "@vue/compiler-sfc": {
      "version": "2.7.14",
      "resolved": "https://registry.npmmirror.com/@vue/compiler-sfc/-/compiler-sfc-2.7.14.tgz",
      "integrity": "sha512-aNmNHyLPsw+sVvlQFQ2/8sjNuLtK54TC6cuKnVzAY93ks4ZBrvwQSnkkIh7bsbNhum5hJBS00wSDipQ937f5DA==",
      "requires": {
        "@babel/parser": "^7.18.4",
        "postcss": "^8.4.14",
        "source-map": "^0.6.1"
      }
    },
    "balanced-match": {
      "version": "1.0.2",
      "resolved": "https://registry.npmmirror.com/balanced-match/-/balanced-match-1.0.2.tgz",
      "integrity": "sha512-3oSeUO0TMV67hN1AmbXsK4yaqU7tjiHlbxRDZOpH0KW9+CeX4bRAaX0Anxt0tx2MrpRpWwQaPwIlISEJhYU5Pw=="
    },
    "codemirror": {
      "version": "5.65.12",
      "resolved": "https://registry.npmmirror.com/codemirror/-/codemirror-5.65.12.tgz",
      "integrity": "sha512-z2jlHBocElRnPYysN2HAuhXbO3DNB0bcSKmNz3hcWR2Js2Dkhc1bEOxG93Z3DeUrnm+qx56XOY5wQmbP5KY0sw=="
    },
    "css-vars-ponyfill": {
      "version": "2.4.8",
      "resolved": "https://registry.npmmirror.com/css-vars-ponyfill/-/css-vars-ponyfill-2.4.8.tgz",
      "integrity": "sha512-4/j4AX4htytYHWyHVZ2BFQ+NoCGZEcOH2h4/2mmgE4SkrFg4Xq6tGYR77DtvvUIDsaXuJN+sj41bbgauA0Gfmg==",
      "requires": {
        "balanced-match": "^1.0.2",
        "get-css-data": "^2.0.2"
      }
    },
    "csstype": {
      "version": "3.1.2",
      "resolved": "https://registry.npmmirror.com/csstype/-/csstype-3.1.2.tgz",
      "integrity": "sha512-I7K1Uu0MBPzaFKg4nI5Q7Vs2t+3gWWW648spaF+Rg7pI9ds18Ugn+lvg4SHczUdKlHI5LWBXyqfS8+DufyBsgQ=="
    },
    "deepmerge": {
      "version": "4.3.1",
      "resolved": "https://registry.npmmirror.com/deepmerge/-/deepmerge-4.3.1.tgz",
      "integrity": "sha512-3sUqbMEc77XqpdNO7FRyRog+eW3ph+GYCbj+rK+uYyRMuwsVy0rMiVtPn+QJlKFvWP/1PYpapqYn0Me2knFn+A=="
    },
    "diff-match-patch": {
      "version": "1.0.5",
      "resolved": "https://registry.npmmirror.com/diff-match-patch/-/diff-match-patch-1.0.5.tgz",
      "integrity": "sha512-IayShXAgj/QMXgB0IWmKx+rOPuGMhqm5w6jvFxmVenXKIzRqTAAsbBPT3kWQeGANj3jGgvcvv4yK6SxqYmikgw=="
    },
    "docsify-plugin-run": {
      "version": "2.0.2",
      "resolved": "https://registry.npmmirror.com/docsify-plugin-run/-/docsify-plugin-run-2.0.2.tgz",
      "integrity": "sha512-Cwb5kRkxngpirfY40O8zEk0OKzoIveAipvV6gNMC/I17K5zel0NATxaIAaQH/neP7bfT42dkoPHk2OE4RgdteQ=="
    },
    "get-css-data": {
      "version": "2.1.0",
      "resolved": "https://registry.npmmirror.com/get-css-data/-/get-css-data-2.1.0.tgz",
      "integrity": "sha512-HtPrzGk8aBF9rLeQNuImcXci7YVqsMEKzVflEWaCJu25ehxyDNiZRWoSxqSFUBfma8LERqKo70t/TcaGjIsM9g=="
    },
    "nanoid": {
      "version": "3.3.6",
      "resolved": "https://registry.npmmirror.com/nanoid/-/nanoid-3.3.6.tgz",
      "integrity": "sha512-BGcqMMJuToF7i1rt+2PWSNVnWIkGCU78jBG3RxO/bZlnZPK2Cmi2QaffxGO/2RvWi9sL+FAiRiXMgsyxQ1DIDA=="
    },
    "picocolors": {
      "version": "1.0.0",
      "resolved": "https://registry.npmmirror.com/picocolors/-/picocolors-1.0.0.tgz",
      "integrity": "sha512-1fygroTLlHu66zi26VoTDv8yRgm0Fccecssto+MhsZ0D/DGW2sm8E8AjW7NU5VVTRt5GxbeZ5qBuJr+HyLYkjQ=="
    },
    "postcss": {
      "version": "8.4.21",
      "resolved": "https://registry.npmmirror.com/postcss/-/postcss-8.4.21.tgz",
      "integrity": "sha512-tP7u/Sn/dVxK2NnruI4H9BG+x+Wxz6oeZ1cJ8P6G/PZY0IKk4k/63TDsQf2kQq3+qoJeLm2kIBUNlZe3zgb4Zg==",
      "requires": {
        "nanoid": "^3.3.4",
        "picocolors": "^1.0.0",
        "source-map-js": "^1.0.2"
      }
    },
    "screenfull": {
      "version": "5.2.0",
      "resolved": "https://registry.npmmirror.com/screenfull/-/screenfull-5.2.0.tgz",
      "integrity": "sha512-9BakfsO2aUQN2K9Fdbj87RJIEZ82Q9IGim7FqM5OsebfoFC6ZHXgDq/KvniuLTPdeM8wY2o6Dj3WQ7KeQCj3cA=="
    },
    "source-map": {
      "version": "0.6.1",
      "resolved": "https://registry.npmmirror.com/source-map/-/source-map-0.6.1.tgz",
      "integrity": "sha512-UjgapumWlbMhkBgzT7Ykc5YXUT46F0iKu8SGXq0bcwP5dz/h0Plj6enJqjz1Zbq2l5WaqYnrVbwWOWMyF3F47g=="
    },
    "source-map-js": {
      "version": "1.0.2",
      "resolved": "https://registry.npmmirror.com/source-map-js/-/source-map-js-1.0.2.tgz",
      "integrity": "sha512-R0XvVJ9WusLiqTCEiGCmICCMplcCkIwwR11mOSD9CR5u+IXYdiseeEuXCVAjS54zqwkLcPNnmU4OeJ6tUrWhDw=="
    },
    "throttle-debounce": {
      "version": "2.3.0",
      "resolved": "https://registry.npmmirror.com/throttle-debounce/-/throttle-debounce-2.3.0.tgz",
      "integrity": "sha512-H7oLPV0P7+jgvrk+6mwwwBDmxTaxnu9HMXmloNLXwnNO0ZxZ31Orah2n8lU1eMPvsaowP2CX+USCgyovXfdOFQ=="
    },
    "vue": {
      "version": "2.7.14",
      "resolved": "https://registry.npmmirror.com/vue/-/vue-2.7.14.tgz",
      "integrity": "sha512-b2qkFyOM0kwqWFuQmgd4o+uHGU7T+2z3T+WQp8UBjADfEv2n4FEMffzBmCKNP0IGzOEEfYjvtcC62xaSKeQDrQ==",
      "requires": {
        "@vue/compiler-sfc": "2.7.14",
        "csstype": "^3.1.0"
      }
    },
    "vue-codemirror": {
      "version": "4.0.6",
      "resolved": "https://registry.npmmirror.com/vue-codemirror/-/vue-codemirror-4.0.6.tgz",
      "integrity": "sha512-ilU7Uf0mqBNSSV3KT7FNEeRIxH4s1fmpG4TfHlzvXn0QiQAbkXS9lLfwuZpaBVEnpP5CSE62iGJjoliTuA8poQ==",
      "requires": {
        "codemirror": "^5.41.0",
        "diff-match-patch": "^1.0.0"
      }
    },
    "vue-element-loading": {
      "version": "1.1.6",
      "resolved": "https://registry.npmmirror.com/vue-element-loading/-/vue-element-loading-1.1.6.tgz",
      "integrity": "sha512-KfzQtReQ91RtT4DNWRCmrZ6YMd3R07/qr4ygeOmS24e/xYCSzUX+9vnqZZoaFIZTNL8PKcsuNStrbEnZK3V6Tg==",
      "requires": {
        "vue": "^2.5.22"
      }
    },
    "vue-multipane": {
      "version": "0.9.5",
      "resolved": "https://registry.npmmirror.com/vue-multipane/-/vue-multipane-0.9.5.tgz",
      "integrity": "sha512-4sr6POXY82VMzprQWGNMzTIBGGYEi7nG0uGQb6AYr8o0ngIsYCDPh/gmgms8NVsZzG28b7kn3tQhKP27cbbLdw=="
    },
    "vue-run-sfc": {
      "version": "1.6.0",
      "resolved": "https://registry.npmmirror.com/vue-run-sfc/-/vue-run-sfc-1.6.0.tgz",
      "integrity": "sha512-lkImKAS0dWk22K6y4gRnvGe6Cfexy7O78F+zCwI+9iDhPUQEjjNXe9aqEET9kL2JUVAFHQ9xQz+l5zK0vq4fvA==",
      "requires": {
        "@babel/standalone": "^7.9.4",
        "css-vars-ponyfill": "^2.2.1",
        "deepmerge": "^4.2.2",
        "screenfull": "^5.0.2",
        "throttle-debounce": "^2.1.0",
        "vue-codemirror": "^4.0.6",
        "vue-element-loading": "^1.1.5",
        "vue-multipane": "^0.9.5"
      }
    }
  }
}
